
Microsoft Visual Studio Solution File, Format Version 12.00
# Visual Studio Version 16
VisualStudioVersion = 16.0.33214.272
MinimumVisualStudioVersion = 10.0.40219.1
Project("{8BC9CEB8-8B4A-11D0-8D11-00A0C91BC942}") = "hw1", "hw1.vcxproj", "{15913627-D497-4AA0-BD7E-734F0D40F7C9}"
EndProject
Project("{2150E333-8FDC-42A3-9474-1A3956D46DE8}") = "Solution Items", "Solution Items", "{56B34793-91FF-42CC-86C4-FA5DEC731115}"
EndProject
Global
	GlobalSection(SolutionConfigurationPlatforms) = preSolution
		Debug|Win32 = Debug|Win32
		Release|Win32 = Release|Win32
	EndGlobalSection
	GlobalSection(ProjectConfigurationPlatforms) = postSolution
		{15913627-D497-4AA0-BD7E-734F0D40F7C9}.Debug|Win32.ActiveCfg = Debug|Win32
		{15913627-D497-4AA0-BD7E-734F0D40F7C9}.Debug|Win32.Build.0 = Debug|Win32
		{15913627-D497-4AA0-BD7E-734F0D40F7C9}.Release|Win32.ActiveCfg = Release|Win32
		{15913627-D497-4AA0-BD7E-734F0D40F7C9}.Release|Win32.Build.0 = Release|Win32
	EndGlobalSection
	GlobalSection(SolutionProperties) = preSolution
		HideSolutionNode = FALSE
	EndGlobalSection
	GlobalSection(ExtensibilityGlobals) = postSolution
		SolutionGuid = {34D82442-3F74-4467-9976-6FACCFBB69D9}
	EndGlobalSection
EndGlobal
